
Microsoft Visual Studio Solution File, Format Version 12.00
# Visual Studio 2012
Project("{FAE04EC0-301F-11D3-BF4B-00C04F79EFBC}") = "ChapterOneProject_Vet", "ChapterOneProject\ChapterOneProject_Vet.csproj", "{011DBCFE-DE8B-4A21-B138-28DCD3D5F7EF}"
EndProject
Project("{FAE04EC0-301F-11D3-BF4B-00C04F79EFBC}") = "VetConsole", "VetConsole\VetConsole.csproj", "{33A8BB56-B2D7-4126-A37E-9BA89B0FECF8}"
EndProject
Project("{FAE04EC0-301F-11D3-BF4B-00C04F79EFBC}") = "DataAccessLayer", "DataAccessProject\DataAccessLayer.csproj", "{9128C2EA-A08F-46FC-83A6-296FA22FC362}"
EndProject
Global
	GlobalSection(SolutionConfigurationPlatforms) = preSolution
		Debug|Any CPU = Debug|Any CPU
		Release|Any CPU = Release|Any CPU
	EndGlobalSection
	GlobalSection(ProjectConfigurationPlatforms) = postSolution
		{011DBCFE-DE8B-4A21-B138-28DCD3D5F7EF}.Debug|Any CPU.ActiveCfg = Debug|Any CPU
		{011DBCFE-DE8B-4A21-B138-28DCD3D5F7EF}.Debug|Any CPU.Build.0 = Debug|Any CPU
		{011DBCFE-DE8B-4A21-B138-28DCD3D5F7EF}.Release|Any CPU.ActiveCfg = Release|Any CPU
		{011DBCFE-DE8B-4A21-B138-28DCD3D5F7EF}.Release|Any CPU.Build.0 = Release|Any CPU
		{33A8BB56-B2D7-4126-A37E-9BA89B0FECF8}.Debug|Any CPU.ActiveCfg = Debug|Any CPU
		{33A8BB56-B2D7-4126-A37E-9BA89B0FECF8}.Debug|Any CPU.Build.0 = Debug|Any CPU
		{33A8BB56-B2D7-4126-A37E-9BA89B0FECF8}.Release|Any CPU.ActiveCfg = Release|Any CPU
		{33A8BB56-B2D7-4126-A37E-9BA89B0FECF8}.Release|Any CPU.Build.0 = Release|Any CPU
		{9128C2EA-A08F-46FC-83A6-296FA22FC362}.Debug|Any CPU.ActiveCfg = Debug|Any CPU
		{9128C2EA-A08F-46FC-83A6-296FA22FC362}.Debug|Any CPU.Build.0 = Debug|Any CPU
		{9128C2EA-A08F-46FC-83A6-296FA22FC362}.Release|Any CPU.ActiveCfg = Release|Any CPU
		{9128C2EA-A08F-46FC-83A6-296FA22FC362}.Release|Any CPU.Build.0 = Release|Any CPU
	EndGlobalSection
	GlobalSection(SolutionProperties) = preSolution
		HideSolutionNode = FALSE
	EndGlobalSection
EndGlobal
